SITE
  remote: http://community.opscode.com/api/v1
  specs:
    homebrew (1.6.6)
    osx (2.0.1)

GIT
  remote: https://github.com/pivotal-sprout/sprout-base
  ref: master
  sha: e2649562c9ca53944d80380b1d95beb9c61df60e
  specs:
    sprout-base (0.1.0)

GIT
  remote: https://github.com/pivotal-sprout/sprout-git
  ref: master
  sha: b2bfc3a7c5e98d3ac8d35f956017e658f3741192
  specs:
    sprout-git (0.1.0)
      homebrew (>= 0.0.0)
      sprout-base (>= 0.0.0)

GIT
  remote: https://github.com/pivotal-sprout/sprout-homebrew
  ref: master
  sha: 16011679968e3cb66b6772f66b4a79e6f9024561
  specs:
    sprout-homebrew (0.1.0)
      homebrew (>= 1.5.4)

GIT
  remote: https://github.com/pivotal-sprout/sprout-osx-settings
  ref: master
  sha: f6bdc1ce298bb8fb204f5fc19bf1d3b587bfab92
  specs:
    sprout-osx-settings (0.1.0)
      homebrew (>= 0.0.0)
      osx (>= 0.0.0)
      sprout-base (>= 0.0.0)

GIT
  remote: https://github.com/pivotal-sprout/sprout-ssh
  ref: master
  sha: 157fffbc948ceecb1ae7caa5ff3732137a628589
  specs:
    sprout-ssh (0.1.0)
      sprout-base (>= 0.0.0)
      sprout-osx-settings (>= 0.0.0)

PATH
  remote: workstation
  specs:
    workstation (1.0.0)

PATH
  remote: workstation-settings
  specs:
    workstation-settings (1.0.0)

DEPENDENCIES
  sprout-base (>= 0)
  sprout-git (>= 0)
  sprout-homebrew (>= 0)
  sprout-osx-settings (>= 0)
  sprout-ssh (>= 0)
  workstation (>= 0)
  workstation-settings (>= 0)

